
Microsoft Visual Studio Solution File, Format Version 12.00
# Visual Studio Version 17
VisualStudioVersion = 17.9.34622.214
MinimumVisualStudioVersion = 10.0.40219.1
Project("{FAE04EC0-301F-11D3-BF4B-00C04F79EFBC}") = "Resort", "Resort\Resort.csproj", "{A0428FE8-B8FA-4BD1-B4EB-EB8B2B6A48DB}"
EndProject
Global
	GlobalSection(SolutionConfigurationPlatforms) = preSolution
		Debug|Any CPU = Debug|Any CPU
		Release|Any CPU = Release|Any CPU
	EndGlobalSection
	GlobalSection(ProjectConfigurationPlatforms) = postSolution
		{A0428FE8-B8FA-4BD1-B4EB-EB8B2B6A48DB}.Debug|Any CPU.ActiveCfg = Debug|Any CPU
		{A0428FE8-B8FA-4BD1-B4EB-EB8B2B6A48DB}.Debug|Any CPU.Build.0 = Debug|Any CPU
		{A0428FE8-B8FA-4BD1-B4EB-EB8B2B6A48DB}.Release|Any CPU.ActiveCfg = Release|Any CPU
		{A0428FE8-B8FA-4BD1-B4EB-EB8B2B6A48DB}.Release|Any CPU.Build.0 = Release|Any CPU
	EndGlobalSection
	GlobalSection(SolutionProperties) = preSolution
		HideSolutionNode = FALSE
	EndGlobalSection
	GlobalSection(ExtensibilityGlobals) = postSolution
		SolutionGuid = {7A16D7F2-4EC4-4433-8B91-994EF96ED693}
	EndGlobalSection
EndGlobal
